
Microsoft Visual Studio Solution File, Format Version 12.00
# Visual Studio Version 17
VisualStudioVersion = 17.10.35013.160
MinimumVisualStudioVersion = 10.0.40219.1
Project("{FAE04EC0-301F-11D3-BF4B-00C04F79EFBC}") = "Lab3", "Lab3.csproj", "{532BDAE9-EE59-4437-B27D-0E4D67F7C937}"
EndProject
Global
	GlobalSection(SolutionConfigurationPlatforms) = preSolution
		Debug|Any CPU = Debug|Any CPU
		Release|Any CPU = Release|Any CPU
	EndGlobalSection
	GlobalSection(ProjectConfigurationPlatforms) = postSolution
		{532BDAE9-EE59-4437-B27D-0E4D67F7C937}.Debug|Any CPU.ActiveCfg = Debug|Any CPU
		{532BDAE9-EE59-4437-B27D-0E4D67F7C937}.Debug|Any CPU.Build.0 = Debug|Any CPU
		{532BDAE9-EE59-4437-B27D-0E4D67F7C937}.Release|Any CPU.ActiveCfg = Release|Any CPU
		{532BDAE9-EE59-4437-B27D-0E4D67F7C937}.Release|Any CPU.Build.0 = Release|Any CPU
	EndGlobalSection
	GlobalSection(SolutionProperties) = preSolution
		HideSolutionNode = FALSE
	EndGlobalSection
	GlobalSection(ExtensibilityGlobals) = postSolution
		SolutionGuid = {7468EA8E-19AA-42C6-83E8-559C915014CC}
	EndGlobalSection
EndGlobal
